// !$*UTF8*$!
{
	archiveVersion = 1;
	classes = {
	};
	objectVersion = 46;
	objects = {

/* Begin PBXBuildFile section */
		11A67F1EFEA0404397122836 /* libPods.a in Frameworks */ = {isa = PBXBuildFile; fileRef = 3AF66F4369A846D58E83FA0B /* libPods.a */; };
		DD0AE590172448ED00349DD7 /* ALMusicTrack.m in Sources */ = {isa = PBXBuildFile; fileRef = DD0AE58F172448ED00349DD7 /* ALMusicTrack.m */; };
		DDA1B42717242AC1002BD906 /* UIKit.framework in Frameworks */ = {isa = PBXBuildFile; fileRef = DDA1B42617242AC1002BD906 /* UIKit.framework */; };
		DDA1B42917242AC1002BD906 /* Foundation.framework in Frameworks */ = {isa = PBXBuildFile; fileRef = DDA1B42817242AC1002BD906 /* Foundation.framework */; };
		DDA1B42B17242AC1002BD906 /* CoreGraphics.framework in Frameworks */ = {isa = PBXBuildFile; fileRef = DDA1B42A17242AC1002BD906 /* CoreGraphics.framework */; };
		DDA1B42D17242AC1002BD906 /* CoreData.framework in Frameworks */ = {isa = PBXBuildFile; fileRef = DDA1B42C17242AC1002BD906 /* CoreData.framework */; };
		DDA1B43317242AC1002BD906 /* InfoPlist.strings in Resources */ = {isa = PBXBuildFile; fileRef = DDA1B43117242AC1002BD906 /* InfoPlist.strings */; };
		DDA1B43517242AC1002BD906 /* main.m in Sources */ = {isa = PBXBuildFile; fileRef = DDA1B43417242AC1002BD906 /* main.m */; };
		DDA1B43917242AC1002BD906 /* ALAppDelegate.m in Sources */ = {isa = PBXBuildFile; fileRef = DDA1B43817242AC1002BD906 /* ALAppDelegate.m */; };
		DDA1B43B17242AC1002BD906 /* Default.png in Resources */ = {isa = PBXBuildFile; fileRef = DDA1B43A17242AC1002BD906 /* Default.png */; };
		DDA1B43D17242AC1002BD906 /* Default@2x.png in Resources */ = {isa = PBXBuildFile; fileRef = DDA1B43C17242AC1002BD906 /* Default@2x.png */; };
		DDA1B43F17242AC1002BD906 /* Default-568h@2x.png in Resources */ = {isa = PBXBuildFile; fileRef = DDA1B43E17242AC1002BD906 /* Default-568h@2x.png */; };
		DDA1B44217242AC1002BD906 /* iTunesSearchiOS.xcdatamodeld in Sources */ = {isa = PBXBuildFile; fileRef = DDA1B44017242AC1002BD906 /* iTunesSearchiOS.xcdatamodeld */; };
		DDA1B44517242AC1002BD906 /* ALMasterViewController.m in Sources */ = {isa = PBXBuildFile; fileRef = DDA1B44417242AC1002BD906 /* ALMasterViewController.m */; };
		DDA1B44817242AC1002BD906 /* ALDetailViewController.m in Sources */ = {isa = PBXBuildFile; fileRef = DDA1B44717242AC1002BD906 /* ALDetailViewController.m */; };
		DDA1B44B17242AC1002BD906 /* ALMasterViewController.xib in Resources */ = {isa = PBXBuildFile; fileRef = DDA1B44917242AC1002BD906 /* ALMasterViewController.xib */; };
		DDA1B44E17242AC1002BD906 /* ALDetailViewController.xib in Resources */ = {isa = PBXBuildFile; fileRef = DDA1B44C17242AC1002BD906 /* ALDetailViewController.xib */; };
		DDA1B45617242AC1002BD906 /* SenTestingKit.framework in Frameworks */ = {isa = PBXBuildFile; fileRef = DDA1B45517242AC1002BD906 /* SenTestingKit.framework */; };
		DDA1B45717242AC1002BD906 /* UIKit.framework in Frameworks */ = {isa = PBXBuildFile; fileRef = DDA1B42617242AC1002BD906 /* UIKit.framework */; };
		DDA1B45817242AC1002BD906 /* Foundation.framework in Frameworks */ = {isa = PBXBuildFile; fileRef = DDA1B42817242AC1002BD906 /* Foundation.framework */; };
		DDA1B45917242AC1002BD906 /* CoreData.framework in Frameworks */ = {isa = PBXBuildFile; fileRef = DDA1B42C17242AC1002BD906 /* CoreData.framework */; };
		DDA1B46117242AC1002BD906 /* InfoPlist.strings in Resources */ = {isa = PBXBuildFile; fileRef = DDA1B45F17242AC1002BD906 /* InfoPlist.strings */; };
		DDA1B46417242AC1002BD906 /* iTunesSearchiOSTests.m in Sources */ = {isa = PBXBuildFile; fileRef = DDA1B46317242AC1002BD906 /* iTunesSearchiOSTests.m */; };
		DDA7EDBC172479D800330485 /* ALSearchViewController.m in Sources */ = {isa = PBXBuildFile; fileRef = DDA7EDBA172479D800330485 /* ALSearchViewController.m */; };
		DDA7EDC01724818600330485 /* ALSearchViewController.xib in Resources */ = {isa = PBXBuildFile; fileRef = DDA7EDBF1724818600330485 /* ALSearchViewController.xib */; };
		DDA7EDC31724C04900330485 /* ALAlbum.m in Sources */ = {isa = PBXBuildFile; fileRef = DDA7EDC21724C04900330485 /* ALAlbum.m */; };
/* End PBXBuildFile section */

/* Begin PBXContainerItemProxy section */
		DDA1B45A17242AC1002BD906 /* PBXContainerItemProxy */ = {
			isa = PBXContainerItemProxy;
			containerPortal = DDA1B41B17242AC1002BD906 /* Project object */;
			proxyType = 1;
			remoteGlobalIDString = DDA1B42217242AC1002BD906;
			remoteInfo = iTunesSearchiOS;
		};
/* End PBXContainerItemProxy section */

/* Begin PBXFileReference section */
		3AF66F4369A846D58E83FA0B /* libPods.a */ = {isa = PBXFileReference; explicitFileType = archive.ar; includeInIndex = 0; path = libPods.a; sourceTree = BUILT_PRODUCTS_DIR; };
		487A61B0B55746B88E8187ED /* Pods.xcconfig */ = {isa = PBXFileReference; includeInIndex = 1; lastKnownFileType = text.xcconfig; name = Pods.xcconfig; path = Pods/Pods.xcconfig; sourceTree = SOURCE_ROOT; };
		DD0AE58E172448ED00349DD7 /* ALMusicTrack.h */ = {isa = PBXFileReference; fileEncoding = 4; lastKnownFileType = sourcecode.c.h; path = ALMusicTrack.h; sourceTree = "<group>"; };
		DD0AE58F172448ED00349DD7 /* ALMusicTrack.m */ = {isa = PBXFileReference; fileEncoding = 4; lastKnownFileType = sourcecode.c.objc; path = ALMusicTrack.m; sourceTree = "<group>"; };
		DDA1B42317242AC1002BD906 /* iTunesSearchiOS.app */ = {isa = PBXFileReference; explicitFileType = wrapper.application; includeInIndex = 0; path = iTunesSearchiOS.app; sourceTree = BUILT_PRODUCTS_DIR; };
		DDA1B42617242AC1002BD906 /* UIKit.framework */ = {isa = PBXFileReference; lastKnownFileType = wrapper.framework; name = UIKit.framework; path = System/Library/Frameworks/UIKit.framework; sourceTree = SDKROOT; };
		DDA1B42817242AC1002BD906 /* Foundation.framework */ = {isa = PBXFileReference; lastKnownFileType = wrapper.framework; name = Foundation.framework; path = System/Library/Frameworks/Foundation.framework; sourceTree = SDKROOT; };
		DDA1B42A17242AC1002BD906 /* CoreGraphics.framework */ = {isa = PBXFileReference; lastKnownFileType = wrapper.framework; name = CoreGraphics.framework; path = System/Library/Frameworks/CoreGraphics.framework; sourceTree = SDKROOT; };
		DDA1B42C17242AC1002BD906 /* CoreData.framework */ = {isa = PBXFileReference; lastKnownFileType = wrapper.framework; name = CoreData.framework; path = System/Library/Frameworks/CoreData.framework; sourceTree = SDKROOT; };
		DDA1B43017242AC1002BD906 /* iTunesSearchiOS-Info.plist */ = {isa = PBXFileReference; lastKnownFileType = text.plist.xml; path = "iTunesSearchiOS-Info.plist"; sourceTree = "<group>"; };
		DDA1B43217242AC1002BD906 /* en */ = {isa = PBXFileReference; lastKnownFileType = text.plist.strings; name = en; path = en.lproj/InfoPlist.strings; sourceTree = "<group>"; };
		DDA1B43417242AC1002BD906 /* main.m */ = {isa = PBXFileReference; lastKnownFileType = sourcecode.c.objc; path = main.m; sourceTree = "<group>"; };
		DDA1B43617242AC1002BD906 /* iTunesSearchiOS-Prefix.pch */ = {isa = PBXFileReference; lastKnownFileType = sourcecode.c.h; path = "iTunesSearchiOS-Prefix.pch"; sourceTree = "<group>"; };
		DDA1B43717242AC1002BD906 /* ALAppDelegate.h */ = {isa = PBXFileReference; lastKnownFileType = sourcecode.c.h; path = ALAppDelegate.h; sourceTree = "<group>"; };
		DDA1B43817242AC1002BD906 /* ALAppDelegate.m */ = {isa = PBXFileReference; lastKnownFileType = sourcecode.c.objc; path = ALAppDelegate.m; sourceTree = "<group>"; };
		DDA1B43A17242AC1002BD906 /* Default.png */ = {isa = PBXFileReference; lastKnownFileType = image.png; path = Default.png; sourceTree = "<group>"; };
		DDA1B43C17242AC1002BD906 /* Default@2x.png */ = {isa = PBXFileReference; lastKnownFileType = image.png; path = "Default@2x.png"; sourceTree = "<group>"; };
		DDA1B43E17242AC1002BD906 /* Default-568h@2x.png */ = {isa = PBXFileReference; lastKnownFileType = image.png; path = "Default-568h@2x.png"; sourceTree = "<group>"; };
		DDA1B44117242AC1002BD906 /* iTunesSearchiOS.xcdatamodel */ = {isa = PBXFileReference; lastKnownFileType = wrapper.xcdatamodel; path = iTunesSearchiOS.xcdatamodel; sourceTree = "<group>"; };
		DDA1B44317242AC1002BD906 /* ALMasterViewController.h */ = {isa = PBXFileReference; lastKnownFileType = sourcecode.c.h; path = ALMasterViewController.h; sourceTree = "<group>"; };
		DDA1B44417242AC1002BD906 /* ALMasterViewController.m */ = {isa = PBXFileReference; lastKnownFileType = sourcecode.c.objc; path = ALMasterViewController.m; sourceTree = "<group>"; };
		DDA1B44617242AC1002BD906 /* ALDetailViewController.h */ = {isa = PBXFileReference; lastKnownFileType = sourcecode.c.h; path = ALDetailViewController.h; sourceTree = "<group>"; };
		DDA1B44717242AC1002BD906 /* ALDetailViewController.m */ = {isa = PBXFileReference; lastKnownFileType = sourcecode.c.objc; path = ALDetailViewController.m; sourceTree = "<group>"; };
		DDA1B44A17242AC1002BD906 /* en */ = {isa = PBXFileReference; lastKnownFileType = file.xib; name = en; path = en.lproj/ALMasterViewController.xib; sourceTree = "<group>"; };
		DDA1B44D17242AC1002BD906 /* en */ = {isa = PBXFileReference; lastKnownFileType = file.xib; name = en; path = en.lproj/ALDetailViewController.xib; sourceTree = "<group>"; };
		DDA1B45417242AC1002BD906 /* iTunesSearchiOSTests.octest */ = {isa = PBXFileReference; explicitFileType = wrapper.cfbundle; includeInIndex = 0; path = iTunesSearchiOSTests.octest; sourceTree = BUILT_PRODUCTS_DIR; };
		DDA1B45517242AC1002BD906 /* SenTestingKit.framework */ = {isa = PBXFileReference; lastKnownFileType = wrapper.framework; name = SenTestingKit.framework; path = Library/Frameworks/SenTestingKit.framework; sourceTree = DEVELOPER_DIR; };
		DDA1B45E17242AC1002BD906 /* iTunesSearchiOSTests-Info.plist */ = {isa = PBXFileReference; lastKnownFileType = text.plist.xml; path = "iTunesSearchiOSTests-Info.plist"; sourceTree = "<group>"; };
		DDA1B46017242AC1002BD906 /* en */ = {isa = PBXFileReference; lastKnownFileType = text.plist.strings; name = en; path = en.lproj/InfoPlist.strings; sourceTree = "<group>"; };
		DDA1B46217242AC1002BD906 /* iTunesSearchiOSTests.h */ = {isa = PBXFileReference; lastKnownFileType = sourcecode.c.h; path = iTunesSearchiOSTests.h; sourceTree = "<group>"; };
		DDA1B46317242AC1002BD906 /* iTunesSearchiOSTests.m */ = {isa = PBXFileReference; lastKnownFileType = sourcecode.c.objc; path = iTunesSearchiOSTests.m; sourceTree = "<group>"; };
		DDA7EDB9172479D800330485 /* ALSearchViewController.h */ = {isa = PBXFileReference; fileEncoding = 4; lastKnownFileType = sourcecode.c.h; path = ALSearchViewController.h; sourceTree = "<group>"; };
		DDA7EDBA172479D800330485 /* ALSearchViewController.m */ = {isa = PBXFileReference; fileEncoding = 4; lastKnownFileType = sourcecode.c.objc; path = ALSearchViewController.m; sourceTree = "<group>"; };
		DDA7EDBF1724818600330485 /* ALSearchViewController.xib */ = {isa = PBXFileReference; fileEncoding = 4; lastKnownFileType = file.xib; path = ALSearchViewController.xib; sourceTree = "<group>"; };
		DDA7EDC11724C04900330485 /* ALAlbum.h */ = {isa = PBXFileReference; fileEncoding = 4; lastKnownFileType = sourcecode.c.h; path = ALAlbum.h; sourceTree = "<group>"; };
		DDA7EDC21724C04900330485 /* ALAlbum.m */ = {isa = PBXFileReference; fileEncoding = 4; lastKnownFileType = sourcecode.c.objc; path = ALAlbum.m; sourceTree = "<group>"; };
/* End PBXFileReference section */

/* Begin PBXFrameworksBuildPhase section */
		DDA1B42017242AC1002BD906 /* Frameworks */ = {
			isa = PBXFrameworksBuildPhase;
			buildActionMask = 2147483647;
			files = (
				DDA1B42717242AC1002BD906 /* UIKit.framework in Frameworks */,
				DDA1B42917242AC1002BD906 /* Foundation.framework in Frameworks */,
				DDA1B42B17242AC1002BD906 /* CoreGraphics.framework in Frameworks */,
				DDA1B42D17242AC1002BD906 /* CoreData.framework in Frameworks */,
				11A67F1EFEA0404397122836 /* libPods.a in Frameworks */,
			);
			runOnlyForDeploymentPostprocessing = 0;
		};
		DDA1B45017242AC1002BD906 /* Frameworks */ = {
			isa = PBXFrameworksBuildPhase;
			buildActionMask = 2147483647;
			files = (
				DDA1B45617242AC1002BD906 /* SenTestingKit.framework in Frameworks */,
				DDA1B45717242AC1002BD906 /* UIKit.framework in Frameworks */,
				DDA1B45817242AC1002BD906 /* Foundation.framework in Frameworks */,
				DDA1B45917242AC1002BD906 /* CoreData.framework in Frameworks */,
			);
			runOnlyForDeploymentPostprocessing = 0;
		};
/* End PBXFrameworksBuildPhase section */

/* Begin PBXGroup section */
		DD0AE58D172448D300349DD7 /* Data Model */ = {
			isa = PBXGroup;
			children = (
				DD0AE58E172448ED00349DD7 /* ALMusicTrack.h */,
				DD0AE58F172448ED00349DD7 /* ALMusicTrack.m */,
				DDA7EDC11724C04900330485 /* ALAlbum.h */,
				DDA7EDC21724C04900330485 /* ALAlbum.m */,
			);
			name = "Data Model";
			sourceTree = "<group>";
		};
		DDA1B41A17242AC1002BD906 = {
			isa = PBXGroup;
			children = (
				DDA1B42E17242AC1002BD906 /* iTunesSearchiOS */,
				DDA1B45C17242AC1002BD906 /* iTunesSearchiOSTests */,
				DDA1B42517242AC1002BD906 /* Frameworks */,
				DDA1B42417242AC1002BD906 /* Products */,
				487A61B0B55746B88E8187ED /* Pods.xcconfig */,
			);
			sourceTree = "<group>";
		};
		DDA1B42417242AC1002BD906 /* Products */ = {
			isa = PBXGroup;
			children = (
				DDA1B42317242AC1002BD906 /* iTunesSearchiOS.app */,
				DDA1B45417242AC1002BD906 /* iTunesSearchiOSTests.octest */,
			);
			name = Products;
			sourceTree = "<group>";
		};
		DDA1B42517242AC1002BD906 /* Frameworks */ = {
			isa = PBXGroup;
			children = (
				DDA1B42617242AC1002BD906 /* UIKit.framework */,
				DDA1B42817242AC1002BD906 /* Foundation.framework */,
				DDA1B42A17242AC1002BD906 /* CoreGraphics.framework */,
				DDA1B42C17242AC1002BD906 /* CoreData.framework */,
				DDA1B45517242AC1002BD906 /* SenTestingKit.framework */,
				3AF66F4369A846D58E83FA0B /* libPods.a */,
			);
			name = Frameworks;
			sourceTree = "<group>";
		};
		DDA1B42E17242AC1002BD906 /* iTunesSearchiOS */ = {
			isa = PBXGroup;
			children = (
				DD0AE58D172448D300349DD7 /* Data Model */,
				DDA1B43717242AC1002BD906 /* ALAppDelegate.h */,
				DDA1B43817242AC1002BD906 /* ALAppDelegate.m */,
				DDA1B44317242AC1002BD906 /* ALMasterViewController.h */,
				DDA1B44417242AC1002BD906 /* ALMasterViewController.m */,
				DDA1B44617242AC1002BD906 /* ALDetailViewController.h */,
				DDA1B44717242AC1002BD906 /* ALDetailViewController.m */,
				DDA7EDB9172479D800330485 /* ALSearchViewController.h */,
				DDA7EDBA172479D800330485 /* ALSearchViewController.m */,
				DDA1B44917242AC1002BD906 /* ALMasterViewController.xib */,
				DDA1B44C17242AC1002BD906 /* ALDetailViewController.xib */,
				DDA7EDBF1724818600330485 /* ALSearchViewController.xib */,
				DDA1B44017242AC1002BD906 /* iTunesSearchiOS.xcdatamodeld */,
				DDA1B42F17242AC1002BD906 /* Supporting Files */,
			);
			path = iTunesSearchiOS;
			sourceTree = "<group>";
		};
		DDA1B42F17242AC1002BD906 /* Supporting Files */ = {
			isa = PBXGroup;
			children = (
				DDA1B43017242AC1002BD906 /* iTunesSearchiOS-Info.plist */,
				DDA1B43117242AC1002BD906 /* InfoPlist.strings */,
				DDA1B43417242AC1002BD906 /* main.m */,
				DDA1B43617242AC1002BD906 /* iTunesSearchiOS-Prefix.pch */,
				DDA1B43A17242AC1002BD906 /* Default.png */,
				DDA1B43C17242AC1002BD906 /* Default@2x.png */,
				DDA1B43E17242AC1002BD906 /* Default-568h@2x.png */,
			);
			name = "Supporting Files";
			sourceTree = "<group>";
		};
		DDA1B45C17242AC1002BD906 /* iTunesSearchiOSTests */ = {
			isa = PBXGroup;
			children = (
				DDA1B46217242AC1002BD906 /* iTunesSearchiOSTests.h */,
				DDA1B46317242AC1002BD906 /* iTunesSearchiOSTests.m */,
				DDA1B45D17242AC1002BD906 /* Supporting Files */,
			);
			path = iTunesSearchiOSTests;
			sourceTree = "<group>";
		};
		DDA1B45D17242AC1002BD906 /* Supporting Files */ = {
			isa = PBXGroup;
			children = (
				DDA1B45E17242AC1002BD906 /* iTunesSearchiOSTests-Info.plist */,
				DDA1B45F17242AC1002BD906 /* InfoPlist.strings */,
			);
			name = "Supporting Files";
			sourceTree = "<group>";
		};
/* End PBXGroup section */

/* Begin PBXNativeTarget section */
		DDA1B42217242AC1002BD906 /* iTunesSearchiOS */ = {
			isa = PBXNativeTarget;
			buildConfigurationList = DDA1B46717242AC1002BD906 /* Build configuration list for PBXNativeTarget "iTunesSearchiOS" */;
			buildPhases = (
				E9D8C1A352254C7D82452446 /* Check Pods Manifest.lock */,
				DDA1B41F17242AC1002BD906 /* Sources */,
				DDA1B42017242AC1002BD906 /* Frameworks */,
				DDA1B42117242AC1002BD906 /* Resources */,
				05ECE3A47B6F491FBDFDF324 /* Copy Pods Resources */,
			);
			buildRules = (
			);
			dependencies = (
			);
			name = iTunesSearchiOS;
			productName = iTunesSearchiOS;
			productReference = DDA1B42317242AC1002BD906 /* iTunesSearchiOS.app */;
			productType = "com.apple.product-type.application";
		};
		DDA1B45317242AC1002BD906 /* iTunesSearchiOSTests */ = {
			isa = PBXNativeTarget;
			buildConfigurationList = DDA1B46A17242AC1002BD906 /* Build configuration list for PBXNativeTarget "iTunesSearchiOSTests" */;
			buildPhases = (
				DDA1B44F17242AC1002BD906 /* Sources */,
				DDA1B45017242AC1002BD906 /* Frameworks */,
				DDA1B45117242AC1002BD906 /* Resources */,
				DDA1B45217242AC1002BD906 /* ShellScript */,
			);
			buildRules = (
			);
			dependencies = (
				DDA1B45B17242AC1002BD906 /* PBXTargetDependency */,
			);
			name = iTunesSearchiOSTests;
			productName = iTunesSearchiOSTests;
			productReference = DDA1B45417242AC1002BD906 /* iTunesSearchiOSTests.octest */;
			productType = "com.apple.product-type.bundle";
		};
/* End PBXNativeTarget section */

/* Begin PBXProject section */
		DDA1B41B17242AC1002BD906 /* Project object */ = {
			isa = PBXProject;
			attributes = {
				CLASSPREFIX = AL;
				LastUpgradeCheck = 0460;
				ORGANIZATIONNAME = "Andrew Little";
			};
			buildConfigurationList = DDA1B41E17242AC1002BD906 /* Build configuration list for PBXProject "iTunesSearchiOS" */;
			compatibilityVersion = "Xcode 3.2";
			developmentRegion = English;
			hasScannedForEncodings = 0;
			knownRegions = (
				en,
			);
			mainGroup = DDA1B41A17242AC1002BD906;
			productRefGroup = DDA1B42417242AC1002BD906 /* Products */;
			projectDirPath = "";
			projectRoot = "";
			targets = (
				DDA1B42217242AC1002BD906 /* iTunesSearchiOS */,
				DDA1B45317242AC1002BD906 /* iTunesSearchiOSTests */,
			);
		};
/* End PBXProject section */

/* Begin PBXResourcesBuildPhase section */
		DDA1B42117242AC1002BD906 /* Resources */ = {
			isa = PBXResourcesBuildPhase;
			buildActionMask = 2147483647;
			files = (
				DDA1B43317242AC1002BD906 /* InfoPlist.strings in Resources */,
				DDA1B43B17242AC1002BD906 /* Default.png in Resources */,
				DDA1B43D17242AC1002BD906 /* Default@2x.png in Resources */,
				DDA1B43F17242AC1002BD906 /* Default-568h@2x.png in Resources */,
				DDA1B44B17242AC1002BD906 /* ALMasterViewController.xib in Resources */,
				DDA1B44E17242AC1002BD906 /* ALDetailViewController.xib in Resources */,
				DDA7EDC01724818600330485 /* ALSearchViewController.xib in Resources */,
			);
			runOnlyForDeploymentPostprocessing = 0;
		};
		DDA1B45117242AC1002BD906 /* Resources */ = {
			isa = PBXResourcesBuildPhase;
			buildActionMask = 2147483647;
			files = (
				DDA1B46117242AC1002BD906 /* InfoPlist.strings in Resources */,
			);
			runOnlyForDeploymentPostprocessing = 0;
		};
/* End PBXResourcesBuildPhase section */

/* Begin PBXShellScriptBuildPhase section */
		05ECE3A47B6F491FBDFDF324 /* Copy Pods Resources */ = {
			isa = PBXShellScriptBuildPhase;
			buildActionMask = 2147483647;
			files = (
			);
			inputPaths = (
			);
			name = "Copy Pods Resources";
			outputPaths = (
			);
			runOnlyForDeploymentPostprocessing = 0;
			shellPath = /bin/sh;
			shellScript = "\"${SRCROOT}/Pods/Pods-resources.sh\"\n";
		};
		DDA1B45217242AC1002BD906 /* ShellScript */ = {
			isa = PBXShellScriptBuildPhase;
			buildActionMask = 2147483647;
			files = (
			);
			inputPaths = (
			);
			outputPaths = (
			);
			runOnlyForDeploymentPostprocessing = 0;
			shellPath = /bin/sh;
			shellScript = "# Run the unit tests in this test bundle.\n\"${SYSTEM_DEVELOPER_DIR}/Tools/RunUnitTests\"\n";
		};
		E9D8C1A352254C7D82452446 /* Check Pods Manifest.lock */ = {
			isa = PBXShellScriptBuildPhase;
			buildActionMask = 2147483647;
			files = (
			);
			inputPaths = (
			);
			name = "Check Pods Manifest.lock";
			outputPaths = (
			);
			runOnlyForDeploymentPostprocessing = 0;
			shellPath = /bin/sh;
			shellScript = "diff \"${PODS_ROOT}/../Podfile.lock\" \"${PODS_ROOT}/Manifest.lock\" > /dev/null\nif [[ $? != 0 ]] ; then\n    cat << EOM\nerror: The sanbox is not in sync with the Podfile.lock. Run 'pod install'.\nEOM\n    exit 1\nfi\n";
		};
/* End PBXShellScriptBuildPhase section */

/* Begin PBXSourcesBuildPhase section */
		DDA1B41F17242AC1002BD906 /* Sources */ = {
			isa = PBXSourcesBuildPhase;
			buildActionMask = 2147483647;
			files = (
				DDA1B43517242AC1002BD906 /* main.m in Sources */,
				DDA1B43917242AC1002BD906 /* ALAppDelegate.m in Sources */,
				DDA1B44217242AC1002BD906 /* iTunesSearchiOS.xcdatamodeld in Sources */,
				DDA1B44517242AC1002BD906 /* ALMasterViewController.m in Sources */,
				DDA1B44817242AC1002BD906 /* ALDetailViewController.m in Sources */,
				DD0AE590172448ED00349DD7 /* ALMusicTrack.m in Sources */,
				DDA7EDBC172479D800330485 /* ALSearchViewController.m in Sources */,
				DDA7EDC31724C04900330485 /* ALAlbum.m in Sources */,
			);
			runOnlyForDeploymentPostprocessing = 0;
		};
		DDA1B44F17242AC1002BD906 /* Sources */ = {
			isa = PBXSourcesBuildPhase;
			buildActionMask = 2147483647;
			files = (
				DDA1B46417242AC1002BD906 /* iTunesSearchiOSTests.m in Sources */,
			);
			runOnlyForDeploymentPostprocessing = 0;
		};
/* End PBXSourcesBuildPhase section */

/* Begin PBXTargetDependency section */
		DDA1B45B17242AC1002BD906 /* PBXTargetDependency */ = {
			isa = PBXTargetDependency;
			target = DDA1B42217242AC1002BD906 /* iTunesSearchiOS */;
			targetProxy = DDA1B45A17242AC1002BD906 /* PBXContainerItemProxy */;
		};
/* End PBXTargetDependency section */

/* Begin PBXVariantGroup section */
		DDA1B43117242AC1002BD906 /* InfoPlist.strings */ = {
			isa = PBXVariantGroup;
			children = (
				DDA1B43217242AC1002BD906 /* en */,
			);
			name = InfoPlist.strings;
			sourceTree = "<group>";
		};
		DDA1B44917242AC1002BD906 /* ALMasterViewController.xib */ = {
			isa = PBXVariantGroup;
			children = (
				DDA1B44A17242AC1002BD906 /* en */,
			);
			name = ALMasterViewController.xib;
			sourceTree = "<group>";
		};
		DDA1B44C17242AC1002BD906 /* ALDetailViewController.xib */ = {
			isa = PBXVariantGroup;
			children = (
				DDA1B44D17242AC1002BD906 /* en */,
			);
			name = ALDetailViewController.xib;
			sourceTree = "<group>";
		};
		DDA1B45F17242AC1002BD906 /* InfoPlist.strings */ = {
			isa = PBXVariantGroup;
			children = (
				DDA1B46017242AC1002BD906 /* en */,
			);
			name = InfoPlist.strings;
			sourceTree = "<group>";
		};
/* End PBXVariantGroup section */

/* Begin XCBuildConfiguration section */
		DDA1B46517242AC1002BD906 /* Debug */ = {
			isa = XCBuildConfiguration;
			buildSettings = {
				ALWAYS_SEARCH_USER_PATHS = NO;
				CLANG_CXX_LANGUAGE_STANDARD = "gnu++0x";
				CLANG_CXX_LIBRARY = "libc++";
				CLANG_ENABLE_OBJC_ARC = YES;
				CLANG_WARN_CONSTANT_CONVERSION = YES;
				CLANG_WARN_EMPTY_BODY = YES;
				CLANG_WARN_ENUM_CONVERSION = YES;
				CLANG_WARN_INT_CONVERSION = YES;
				CLANG_WARN__DUPLICATE_METHOD_MATCH = YES;
				"CODE_SIGN_IDENTITY[sdk=iphoneos*]" = "iPhone Developer";
				COPY_PHASE_STRIP = NO;
				GCC_C_LANGUAGE_STANDARD = gnu99;
				GCC_DYNAMIC_NO_PIC = NO;
				GCC_OPTIMIZATION_LEVEL = 0;
				GCC_PREPROCESSOR_DEFINITIONS = (
					"DEBUG=1",
					"$(inherited)",
				);
				GCC_SYMBOLS_PRIVATE_EXTERN = NO;
				GCC_WARN_ABOUT_RETURN_TYPE = YES;
				GCC_WARN_UNINITIALIZED_AUTOS = YES;
				GCC_WARN_UNUSED_VARIABLE = YES;
				IPHONEOS_DEPLOYMENT_TARGET = 6.1;
				ONLY_ACTIVE_ARCH = YES;
				SDKROOT = iphoneos;
			};
			name = Debug;
		};
		DDA1B46617242AC1002BD906 /* Release */ = {
			isa = XCBuildConfiguration;
			buildSettings = {
				ALWAYS_SEARCH_USER_PATHS = NO;
				CLANG_CXX_LANGUAGE_STANDARD = "gnu++0x";
				CLANG_CXX_LIBRARY = "libc++";
				CLANG_ENABLE_OBJC_ARC = YES;
				CLANG_WARN_CONSTANT_CONVERSION = YES;
				CLANG_WARN_EMPTY_BODY = YES;
				CLANG_WARN_ENUM_CONVERSION = YES;
				CLANG_WARN_INT_CONVERSION = YES;
				CLANG_WARN__DUPLICATE_METHOD_MATCH = YES;
				"CODE_SIGN_IDENTITY[sdk=iphoneos*]" = "iPhone Developer";
				COPY_PHASE_STRIP = YES;
				GCC_C_LANGUAGE_STANDARD = gnu99;
				GCC_WARN_ABOUT_RETURN_TYPE = YES;
				GCC_WARN_UNINITIALIZED_AUTOS = YES;
				GCC_WARN_UNUSED_VARIABLE = YES;
				IPHONEOS_DEPLOYMENT_TARGET = 6.1;
				OTHER_CFLAGS = "-DNS_BLOCK_ASSERTIONS=1";
				SDKROOT = iphoneos;
				VALIDATE_PRODUCT = YES;
			};
			name = Release;
		};
		DDA1B46817242AC1002BD906 /* Debug */ = {
			isa = XCBuildConfiguration;
			baseConfigurationReference = 487A61B0B55746B88E8187ED /* Pods.xcconfig */;
			buildSettings = {
				GCC_PRECOMPILE_PREFIX_HEADER = YES;
				GCC_PREFIX_HEADER = "iTunesSearchiOS/iTunesSearchiOS-Prefix.pch";
				INFOPLIST_FILE = "iTunesSearchiOS/iTunesSearchiOS-Info.plist";
				PRODUCT_NAME = "$(TARGET_NAME)";
				WRAPPER_EXTENSION = app;
			};
			name = Debug;
		};
		DDA1B46917242AC1002BD906 /* Release */ = {
			isa = XCBuildConfiguration;
			baseConfigurationReference = 487A61B0B55746B88E8187ED /* Pods.xcconfig */;
			buildSettings = {
				GCC_PRECOMPILE_PREFIX_HEADER = YES;
				GCC_PREFIX_HEADER = "iTunesSearchiOS/iTunesSearchiOS-Prefix.pch";
				INFOPLIST_FILE = "iTunesSearchiOS/iTunesSearchiOS-Info.plist";
				PRODUCT_NAME = "$(TARGET_NAME)";
				WRAPPER_EXTENSION = app;
			};
			name = Release;
		};
		DDA1B46B17242AC1002BD906 /* Debug */ = {
			isa = XCBuildConfiguration;
			buildSettings = {
				BUNDLE_LOADER = "$(BUILT_PRODUCTS_DIR)/iTunesSearchiOS.app/iTunesSearchiOS";
				FRAMEWORK_SEARCH_PATHS = (
					"\"$(SDKROOT)/Developer/Library/Frameworks\"",
					"\"$(DEVELOPER_LIBRARY_DIR)/Frameworks\"",
				);
				GCC_PRECOMPILE_PREFIX_HEADER = YES;
				GCC_PREFIX_HEADER = "iTunesSearchiOS/iTunesSearchiOS-Prefix.pch";
				INFOPLIST_FILE = "iTunesSearchiOSTests/iTunesSearchiOSTests-Info.plist";
				PRODUCT_NAME = "$(TARGET_NAME)";
				TEST_HOST = "$(BUNDLE_LOADER)";
				WRAPPER_EXTENSION = octest;
			};
			name = Debug;
		};
		DDA1B46C17242AC1002BD906 /* Release */ = {
			isa = XCBuildConfiguration;
			buildSettings = {
				BUNDLE_LOADER = "$(BUILT_PRODUCTS_DIR)/iTunesSearchiOS.app/iTunesSearchiOS";
				FRAMEWORK_SEARCH_PATHS = (
					"\"$(SDKROOT)/Developer/Library/Frameworks\"",
					"\"$(DEVELOPER_LIBRARY_DIR)/Frameworks\"",
				);
				GCC_PRECOMPILE_PREFIX_HEADER = YES;
				GCC_PREFIX_HEADER = "iTunesSearchiOS/iTunesSearchiOS-Prefix.pch";
				INFOPLIST_FILE = "iTunesSearchiOSTests/iTunesSearchiOSTests-Info.plist";
				PRODUCT_NAME = "$(TARGET_NAME)";
				TEST_HOST = "$(BUNDLE_LOADER)";
				WRAPPER_EXTENSION = octest;
			};
			name = Release;
		};
/* End XCBuildConfiguration section */

/* Begin XCConfigurationList section */
		DDA1B41E17242AC1002BD906 /* Build configuration list for PBXProject "iTunesSearchiOS" */ = {
			isa = XCConfigurationList;
			buildConfigurations = (
				DDA1B46517242AC1002BD906 /* Debug */,
				DDA1B46617242AC1002BD906 /* Release */,
			);
			defaultConfigurationIsVisible = 0;
			defaultConfigurationName = Release;
		};
		DDA1B46717242AC1002BD906 /* Build configuration list for PBXNativeTarget "iTunesSearchiOS" */ = {
			isa = XCConfigurationList;
			buildConfigurations = (
				DDA1B46817242AC1002BD906 /* Debug */,
				DDA1B46917242AC1002BD906 /* Release */,
			);
			defaultConfigurationIsVisible = 0;
			defaultConfigurationName = Release;
		};
		DDA1B46A17242AC1002BD906 /* Build configuration list for PBXNativeTarget "iTunesSearchiOSTests" */ = {
			isa = XCConfigurationList;
			buildConfigurations = (
				DDA1B46B17242AC1002BD906 /* Debug */,
				DDA1B46C17242AC1002BD906 /* Release */,
			);
			defaultConfigurationIsVisible = 0;
			defaultConfigurationName = Release;
		};
/* End XCConfigurationList section */

/* Begin XCVersionGroup section */
		DDA1B44017242AC1002BD906 /* iTunesSearchiOS.xcdatamodeld */ = {
			isa = XCVersionGroup;
			children = (
				DDA1B44117242AC1002BD906 /* iTunesSearchiOS.xcdatamodel */,
			);
			currentVersion = DDA1B44117242AC1002BD906 /* iTunesSearchiOS.xcdatamodel */;
			path = iTunesSearchiOS.xcdatamodeld;
			sourceTree = "<group>";
			versionGroupType = wrapper.xcdatamodel;
		};
/* End XCVersionGroup section */
	};
	rootObject = DDA1B41B17242AC1002BD906 /* Project object */;
}
